
Microsoft Visual Studio Solution File, Format Version 12.00
# Visual Studio Version 17
VisualStudioVersion = 17.9.34728.123
MinimumVisualStudioVersion = 10.0.40219.1
Project("{FAE04EC0-301F-11D3-BF4B-00C04F79EFBC}") = "SnailExercice", "SnailExercice\SnailExercice.csproj", "{8F010470-8037-4EAB-B67B-D5693B5BE3ED}"
EndProject
Global
	GlobalSection(SolutionConfigurationPlatforms) = preSolution
		Debug|Any CPU = Debug|Any CPU
		Release|Any CPU = Release|Any CPU
	EndGlobalSection
	GlobalSection(ProjectConfigurationPlatforms) = postSolution
		{8F010470-8037-4EAB-B67B-D5693B5BE3ED}.Debug|Any CPU.ActiveCfg = Debug|Any CPU
		{8F010470-8037-4EAB-B67B-D5693B5BE3ED}.Debug|Any CPU.Build.0 = Debug|Any CPU
		{8F010470-8037-4EAB-B67B-D5693B5BE3ED}.Release|Any CPU.ActiveCfg = Release|Any CPU
		{8F010470-8037-4EAB-B67B-D5693B5BE3ED}.Release|Any CPU.Build.0 = Release|Any CPU
	EndGlobalSection
	GlobalSection(SolutionProperties) = preSolution
		HideSolutionNode = FALSE
	EndGlobalSection
	GlobalSection(ExtensibilityGlobals) = postSolution
		SolutionGuid = {871E45AA-0290-47C8-B54E-0BBB22D06E07}
	EndGlobalSection
EndGlobal
